
Microsoft Visual Studio Solution File, Format Version 12.00
# Visual Studio 15
VisualStudioVersion = 15.0.27703.2047
MinimumVisualStudioVersion = 10.0.40219.1
Project("{FAE04EC0-301F-11D3-BF4B-00C04F79EFBC}") = "HelloWorld", "HelloWorld\HelloWorld.csproj", "{DBA86FC6-A4CA-4191-90A0-D450916CF757}"
EndProject
Project("{FAE04EC0-301F-11D3-BF4B-00C04F79EFBC}") = "test_HelloWorld", "test_HelloWorld\test_HelloWorld.csproj", "{CCF2CFB0-972F-4E17-958D-285D95C9411C}"
EndProject
Global
	GlobalSection(SolutionConfigurationPlatforms) = preSolution
		Debug|Any CPU = Debug|Any CPU
		Release|Any CPU = Release|Any CPU
	EndGlobalSection
	GlobalSection(ProjectConfigurationPlatforms) = postSolution
		{DBA86FC6-A4CA-4191-90A0-D450916CF757}.Debug|Any CPU.ActiveCfg = Debug|Any CPU
		{DBA86FC6-A4CA-4191-90A0-D450916CF757}.Debug|Any CPU.Build.0 = Debug|Any CPU
		{DBA86FC6-A4CA-4191-90A0-D450916CF757}.Release|Any CPU.ActiveCfg = Release|Any CPU
		{DBA86FC6-A4CA-4191-90A0-D450916CF757}.Release|Any CPU.Build.0 = Release|Any CPU
		{CCF2CFB0-972F-4E17-958D-285D95C9411C}.Debug|Any CPU.ActiveCfg = Debug|Any CPU
		{CCF2CFB0-972F-4E17-958D-285D95C9411C}.Debug|Any CPU.Build.0 = Debug|Any CPU
		{CCF2CFB0-972F-4E17-958D-285D95C9411C}.Release|Any CPU.ActiveCfg = Release|Any CPU
		{CCF2CFB0-972F-4E17-958D-285D95C9411C}.Release|Any CPU.Build.0 = Release|Any CPU
	EndGlobalSection
	GlobalSection(SolutionProperties) = preSolution
		HideSolutionNode = FALSE
	EndGlobalSection
	GlobalSection(ExtensibilityGlobals) = postSolution
		SolutionGuid = {0EDB782A-7F79-4B93-8737-543F6F7BBFAF}
	EndGlobalSection
EndGlobal
